
Microsoft Visual Studio Solution File, Format Version 12.00
# Visual Studio 15
VisualStudioVersion = 15.0.27703.2026
MinimumVisualStudioVersion = 10.0.40219.1
Project("{9A19103F-16F7-4668-BE54-9A1E7A4F7556}") = "HomeBudget", "HomeBudget\HomeBudget.csproj", "{56543B8A-B8D2-49A2-BAAA-1F9C942AC5BA}"
EndProject
Project("{FAE04EC0-301F-11D3-BF4B-00C04F79EFBC}") = "HomeBudget.DataAccess", "HomeBudget.DataAccess\HomeBudget.DataAccess.csproj", "{87BEB9E8-280A-4D8C-AB05-1BB0C1BF65F4}"
EndProject
Project("{FAE04EC0-301F-11D3-BF4B-00C04F79EFBC}") = "HomeBudget.BusinessLogic", "HomeBudget.BusinessLogic\HomeBudget.BusinessLogic.csproj", "{BCC48D33-59FE-47DA-B76E-3FCBEDE5A7AC}"
EndProject
Global
	GlobalSection(SolutionConfigurationPlatforms) = preSolution
		Debug|Any CPU = Debug|Any CPU
		Release|Any CPU = Release|Any CPU
	EndGlobalSection
	GlobalSection(ProjectConfigurationPlatforms) = postSolution
		{56543B8A-B8D2-49A2-BAAA-1F9C942AC5BA}.Debug|Any CPU.ActiveCfg = Debug|Any CPU
		{56543B8A-B8D2-49A2-BAAA-1F9C942AC5BA}.Debug|Any CPU.Build.0 = Debug|Any CPU
		{56543B8A-B8D2-49A2-BAAA-1F9C942AC5BA}.Release|Any CPU.ActiveCfg = Release|Any CPU
		{56543B8A-B8D2-49A2-BAAA-1F9C942AC5BA}.Release|Any CPU.Build.0 = Release|Any CPU
		{87BEB9E8-280A-4D8C-AB05-1BB0C1BF65F4}.Debug|Any CPU.ActiveCfg = Debug|Any CPU
		{87BEB9E8-280A-4D8C-AB05-1BB0C1BF65F4}.Debug|Any CPU.Build.0 = Debug|Any CPU
		{87BEB9E8-280A-4D8C-AB05-1BB0C1BF65F4}.Release|Any CPU.ActiveCfg = Release|Any CPU
		{87BEB9E8-280A-4D8C-AB05-1BB0C1BF65F4}.Release|Any CPU.Build.0 = Release|Any CPU
		{BCC48D33-59FE-47DA-B76E-3FCBEDE5A7AC}.Debug|Any CPU.ActiveCfg = Debug|Any CPU
		{BCC48D33-59FE-47DA-B76E-3FCBEDE5A7AC}.Debug|Any CPU.Build.0 = Debug|Any CPU
		{BCC48D33-59FE-47DA-B76E-3FCBEDE5A7AC}.Release|Any CPU.ActiveCfg = Release|Any CPU
		{BCC48D33-59FE-47DA-B76E-3FCBEDE5A7AC}.Release|Any CPU.Build.0 = Release|Any CPU
	EndGlobalSection
	GlobalSection(SolutionProperties) = preSolution
		HideSolutionNode = FALSE
	EndGlobalSection
	GlobalSection(ExtensibilityGlobals) = postSolution
		SolutionGuid = {47B93D82-D896-42D3-822D-42802547554D}
	EndGlobalSection
EndGlobal
